{
  "version": 4,
  "terraform_version": "0.14.5",
  "serial": 84,
  "lineage": "761ccecb-147c-269f-b9a5-1a8b72070114",
  "outputs": {
    "infra_mind_ansible_private_ip": {
      "value": "172.17.1.115",
      "type": "string"
    },
    "infra_mind_ansible_public_ip": {
      "value": "3.7.148.125",
      "type": "string"
    },
    "infra_mind_elb_dns_name": {
      "value": "InfraMindELB-1555068440.ap-south-1.elb.amazonaws.com",
      "type": "string"
    },
    "infra_mind_mysql_private_ip": {
      "value": "172.17.2.234",
      "type": "string"
    },
    "infra_mind_wordpress_private_ip": {
      "value": "172.17.1.15",
      "type": "string"
    }
  },
  "resources": [
    {
      "mode": "managed",
      "type": "aws_eip",
      "name": "infra_mind_ansible_ec2_eip",
      "provider": "provider[\"registry.terraform.io/hashicorp/aws\"]",
      "instances": [
        {
          "schema_version": 0,
          "attributes": {
            "allocation_id": null,
            "associate_with_private_ip": null,
            "association_id": "eipassoc-0ba6ab73484fd778a",
            "customer_owned_ip": "",
            "customer_owned_ipv4_pool": "",
            "domain": "vpc",
            "id": "eipalloc-0b53f18f92fbb0d87",
            "instance": "i-02dcac3be2b8d7c31",
            "network_interface": "eni-0e9769f3f9e622d4a",
            "private_dns": "ip-172-17-1-115.ap-south-1.compute.internal",
            "private_ip": "172.17.1.115",
            "public_dns": "ec2-3-7-148-125.ap-south-1.compute.amazonaws.com",
            "public_ip": "3.7.148.125",
            "public_ipv4_pool": "amazon",
            "tags": {},
            "timeouts": null,
            "vpc": true
          },
          "sensitive_attributes": [],
          "private": "eyJlMmJmYjczMC1lY2FhLTExZTYtOGY4OC0zNDM2M2JjN2M0YzAiOnsiZGVsZXRlIjoxODAwMDAwMDAwMDAsInJlYWQiOjkwMDAwMDAwMDAwMCwidXBkYXRlIjozMDAwMDAwMDAwMDB9fQ==",
          "dependencies": [
            "aws_instance.infra_mind_ansible_ec2",
            "aws_security_group.infra_mind_ansible_sg",
            "aws_subnet.infra_mind_public_subnet",
            "aws_vpc.infra_mind_vpc"
          ]
        }
      ]
    },
    {
      "mode": "managed",
      "type": "aws_eip",
      "name": "infra_mind_nat_eip",
      "provider": "provider[\"registry.terraform.io/hashicorp/aws\"]",
      "instances": [
        {
          "schema_version": 0,
          "attributes": {
            "allocation_id": null,
            "associate_with_private_ip": null,
            "association_id": "",
            "customer_owned_ip": "",
            "customer_owned_ipv4_pool": "",
            "domain": "vpc",
            "id": "eipalloc-092c33832c4041699",
            "instance": "",
            "network_interface": "",
            "private_dns": null,
            "private_ip": "",
            "public_dns": "ec2-15-207-3-106.ap-south-1.compute.amazonaws.com",
            "public_ip": "15.207.3.106",
            "public_ipv4_pool": "amazon",
            "tags": null,
            "timeouts": null,
            "vpc": true
          },
          "sensitive_attributes": [],
          "private": "eyJlMmJmYjczMC1lY2FhLTExZTYtOGY4OC0zNDM2M2JjN2M0YzAiOnsiZGVsZXRlIjoxODAwMDAwMDAwMDAsInJlYWQiOjkwMDAwMDAwMDAwMCwidXBkYXRlIjozMDAwMDAwMDAwMDB9fQ=="
        }
      ]
    },
    {
      "mode": "managed",
      "type": "aws_eip",
      "name": "infra_mind_wordpress_ec2_eip",
      "provider": "provider[\"registry.terraform.io/hashicorp/aws\"]",
      "instances": [
        {
          "schema_version": 0,
          "attributes": {
            "allocation_id": null,
            "associate_with_private_ip": null,
            "association_id": "eipassoc-0fcd7148b99363011",
            "customer_owned_ip": "",
            "customer_owned_ipv4_pool": "",
            "domain": "vpc",
            "id": "eipalloc-0d07ffc1cb3caf9cb",
            "instance": "i-04060566c83ca36cd",
            "network_interface": "eni-018e95d8ad9aba166",
            "private_dns": "ip-172-17-1-15.ap-south-1.compute.internal",
            "private_ip": "172.17.1.15",
            "public_dns": "ec2-13-127-243-157.ap-south-1.compute.amazonaws.com",
            "public_ip": "13.127.243.157",
            "public_ipv4_pool": "amazon",
            "tags": {},
            "timeouts": null,
            "vpc": true
          },
          "sensitive_attributes": [],
          "private": "eyJlMmJmYjczMC1lY2FhLTExZTYtOGY4OC0zNDM2M2JjN2M0YzAiOnsiZGVsZXRlIjoxODAwMDAwMDAwMDAsInJlYWQiOjkwMDAwMDAwMDAwMCwidXBkYXRlIjozMDAwMDAwMDAwMDB9fQ==",
          "dependencies": [
            "aws_instance.infra_mind_wordpress_ec2",
            "aws_security_group.infra_mind_ansible_sg",
            "aws_security_group.infra_mind_elb_sg",
            "aws_security_group.infra_mind_wordpress_sg",
            "aws_subnet.infra_mind_public_subnet",
            "aws_vpc.infra_mind_vpc"
          ]
        }
      ]
    },
    {
      "mode": "managed",
      "type": "aws_elb",
      "name": "infra_mind_elb",
      "provider": "provider[\"registry.terraform.io/hashicorp/aws\"]",
      "instances": [
        {
          "schema_version": 0,
          "attributes": {
            "access_logs": [],
            "arn": "arn:aws:elasticloadbalancing:ap-south-1:944269068014:loadbalancer/InfraMindELB",
            "availability_zones": [
              "ap-south-1a"
            ],
            "connection_draining": true,
            "connection_draining_timeout": 400,
            "cross_zone_load_balancing": true,
            "dns_name": "InfraMindELB-1555068440.ap-south-1.elb.amazonaws.com",
            "health_check": [
              {
                "healthy_threshold": 2,
                "interval": 30,
                "target": "HTTP:80/",
                "timeout": 3,
                "unhealthy_threshold": 2
              }
            ],
            "id": "InfraMindELB",
            "idle_timeout": 400,
            "instances": [
              "i-04060566c83ca36cd"
            ],
            "internal": false,
            "listener": [
              {
                "instance_port": 80,
                "instance_protocol": "http",
                "lb_port": 80,
                "lb_protocol": "http",
                "ssl_certificate_id": ""
              }
            ],
            "name": "InfraMindELB",
            "name_prefix": null,
            "security_groups": [
              "sg-0bb7cf8aa8407cc76"
            ],
            "source_security_group": "944269068014/InfraMindELBSG",
            "source_security_group_id": "sg-0bb7cf8aa8407cc76",
            "subnets": [
              "subnet-0d8c586eab04967f8"
            ],
            "tags": {
              "Name": "InfraMindELB"
            },
            "zone_id": "ZP97RAFLXTNZK"
          },
          "sensitive_attributes": [],
          "private": "bnVsbA==",
          "dependencies": [
            "aws_instance.infra_mind_wordpress_ec2",
            "aws_security_group.infra_mind_ansible_sg",
            "aws_security_group.infra_mind_elb_sg",
            "aws_security_group.infra_mind_wordpress_sg",
            "aws_subnet.infra_mind_public_subnet",
            "aws_vpc.infra_mind_vpc"
          ]
        }
      ]
    },
    {
      "mode": "managed",
      "type": "aws_instance",
      "name": "infra_mind_ansible_ec2",
      "provider": "provider[\"registry.terraform.io/hashicorp/aws\"]",
      "instances": [
        {
          "schema_version": 1,
          "attributes": {
            "ami": "ami-0db0b3ab7df22e366",
            "arn": "arn:aws:ec2:ap-south-1:944269068014:instance/i-02dcac3be2b8d7c31",
            "associate_public_ip_address": true,
            "availability_zone": "ap-south-1a",
            "cpu_core_count": 1,
            "cpu_threads_per_core": 1,
            "credit_specification": [
              {
                "cpu_credits": "standard"
              }
            ],
            "disable_api_termination": false,
            "ebs_block_device": [],
            "ebs_optimized": false,
            "ephemeral_block_device": [],
            "get_password_data": false,
            "hibernation": false,
            "host_id": null,
            "iam_instance_profile": "",
            "id": "i-02dcac3be2b8d7c31",
            "instance_initiated_shutdown_behavior": null,
            "instance_state": "running",
            "instance_type": "t2.micro",
            "ipv6_address_count": 0,
            "ipv6_addresses": [],
            "key_name": "InfraMind",
            "metadata_options": [
              {
                "http_endpoint": "enabled",
                "http_put_response_hop_limit": 1,
                "http_tokens": "optional"
              }
            ],
            "monitoring": false,
            "network_interface": [],
            "network_interface_id": null,
            "outpost_arn": "",
            "password_data": "",
            "placement_group": "",
            "primary_network_interface_id": "eni-0e9769f3f9e622d4a",
            "private_dns": "ip-172-17-1-115.ap-south-1.compute.internal",
            "private_ip": "172.17.1.115",
            "public_dns": "ec2-3-7-148-125.ap-south-1.compute.amazonaws.com",
            "public_ip": "3.7.148.125",
            "root_block_device": [
              {
                "delete_on_termination": true,
                "device_name": "/dev/sda1",
                "encrypted": false,
                "iops": 100,
                "kms_key_id": "",
                "volume_id": "vol-01ca3252e40cc041a",
                "volume_size": 8,
                "volume_type": "gp2"
              }
            ],
            "security_groups": [],
            "source_dest_check": true,
            "subnet_id": "subnet-0d8c586eab04967f8",
            "tags": {
              "Name": "Ansible"
            },
            "tenancy": "default",
            "timeouts": null,
            "user_data": null,
            "user_data_base64": null,
            "volume_tags": {},
            "vpc_security_group_ids": [
              "sg-067ba7d14775cd44d"
            ]
          },
          "sensitive_attributes": [],
          "private": "eyJlMmJmYjczMC1lY2FhLTExZTYtOGY4OC0zNDM2M2JjN2M0YzAiOnsiY3JlYXRlIjo2MDAwMDAwMDAwMDAsImRlbGV0ZSI6MTIwMDAwMDAwMDAwMCwidXBkYXRlIjo2MDAwMDAwMDAwMDB9LCJzY2hlbWFfdmVyc2lvbiI6IjEifQ==",
          "dependencies": [
            "aws_security_group.infra_mind_ansible_sg",
            "aws_subnet.infra_mind_public_subnet",
            "aws_vpc.infra_mind_vpc"
          ]
        }
      ]
    },
    {
      "mode": "managed",
      "type": "aws_instance",
      "name": "infra_mind_mysql_ec2",
      "provider": "provider[\"registry.terraform.io/hashicorp/aws\"]",
      "instances": [
        {
          "schema_version": 1,
          "attributes": {
            "ami": "ami-0db0b3ab7df22e366",
            "arn": "arn:aws:ec2:ap-south-1:944269068014:instance/i-049f872e7d9dd72c4",
            "associate_public_ip_address": false,
            "availability_zone": "ap-south-1b",
            "cpu_core_count": 1,
            "cpu_threads_per_core": 1,
            "credit_specification": [
              {
                "cpu_credits": "standard"
              }
            ],
            "disable_api_termination": false,
            "ebs_block_device": [],
            "ebs_optimized": false,
            "ephemeral_block_device": [],
            "get_password_data": false,
            "hibernation": false,
            "host_id": null,
            "iam_instance_profile": "",
            "id": "i-049f872e7d9dd72c4",
            "instance_initiated_shutdown_behavior": null,
            "instance_state": "running",
            "instance_type": "t2.micro",
            "ipv6_address_count": 0,
            "ipv6_addresses": [],
            "key_name": "InfraMind",
            "metadata_options": [
              {
                "http_endpoint": "enabled",
                "http_put_response_hop_limit": 1,
                "http_tokens": "optional"
              }
            ],
            "monitoring": false,
            "network_interface": [],
            "network_interface_id": null,
            "outpost_arn": "",
            "password_data": "",
            "placement_group": "",
            "primary_network_interface_id": "eni-0b01b50dee0edd55c",
            "private_dns": "ip-172-17-2-234.ap-south-1.compute.internal",
            "private_ip": "172.17.2.234",
            "public_dns": "",
            "public_ip": "",
            "root_block_device": [
              {
                "delete_on_termination": true,
                "device_name": "/dev/sda1",
                "encrypted": false,
                "iops": 100,
                "kms_key_id": "",
                "volume_id": "vol-07777c16277406cd8",
                "volume_size": 8,
                "volume_type": "gp2"
              }
            ],
            "security_groups": [],
            "source_dest_check": true,
            "subnet_id": "subnet-09f7abfb2c75eafab",
            "tags": {
              "Name": "MySQL"
            },
            "tenancy": "default",
            "timeouts": null,
            "user_data": null,
            "user_data_base64": null,
            "volume_tags": {},
            "vpc_security_group_ids": [
              "sg-00facb74ee35c88f3"
            ]
          },
          "sensitive_attributes": [],
          "private": "eyJlMmJmYjczMC1lY2FhLTExZTYtOGY4OC0zNDM2M2JjN2M0YzAiOnsiY3JlYXRlIjo2MDAwMDAwMDAwMDAsImRlbGV0ZSI6MTIwMDAwMDAwMDAwMCwidXBkYXRlIjo2MDAwMDAwMDAwMDB9LCJzY2hlbWFfdmVyc2lvbiI6IjEifQ==",
          "dependencies": [
            "aws_security_group.infra_mind_ansible_sg",
            "aws_security_group.infra_mind_elb_sg",
            "aws_security_group.infra_mind_mysql_sg",
            "aws_security_group.infra_mind_wordpress_sg",
            "aws_subnet.infra_mind_private_subnet",
            "aws_vpc.infra_mind_vpc"
          ]
        }
      ]
    },
    {
      "mode": "managed",
      "type": "aws_instance",
      "name": "infra_mind_wordpress_ec2",
      "provider": "provider[\"registry.terraform.io/hashicorp/aws\"]",
      "instances": [
        {
          "schema_version": 1,
          "attributes": {
            "ami": "ami-0db0b3ab7df22e366",
            "arn": "arn:aws:ec2:ap-south-1:944269068014:instance/i-04060566c83ca36cd",
            "associate_public_ip_address": true,
            "availability_zone": "ap-south-1a",
            "cpu_core_count": 1,
            "cpu_threads_per_core": 1,
            "credit_specification": [
              {
                "cpu_credits": "standard"
              }
            ],
            "disable_api_termination": false,
            "ebs_block_device": [],
            "ebs_optimized": false,
            "ephemeral_block_device": [],
            "get_password_data": false,
            "hibernation": false,
            "host_id": null,
            "iam_instance_profile": "",
            "id": "i-04060566c83ca36cd",
            "instance_initiated_shutdown_behavior": null,
            "instance_state": "running",
            "instance_type": "t2.micro",
            "ipv6_address_count": 0,
            "ipv6_addresses": [],
            "key_name": "InfraMind",
            "metadata_options": [
              {
                "http_endpoint": "enabled",
                "http_put_response_hop_limit": 1,
                "http_tokens": "optional"
              }
            ],
            "monitoring": false,
            "network_interface": [],
            "network_interface_id": null,
            "outpost_arn": "",
            "password_data": "",
            "placement_group": "",
            "primary_network_interface_id": "eni-018e95d8ad9aba166",
            "private_dns": "ip-172-17-1-15.ap-south-1.compute.internal",
            "private_ip": "172.17.1.15",
            "public_dns": "ec2-13-127-243-157.ap-south-1.compute.amazonaws.com",
            "public_ip": "13.127.243.157",
            "root_block_device": [
              {
                "delete_on_termination": true,
                "device_name": "/dev/sda1",
                "encrypted": false,
                "iops": 100,
                "kms_key_id": "",
                "volume_id": "vol-04c920bed021cc481",
                "volume_size": 8,
                "volume_type": "gp2"
              }
            ],
            "security_groups": [],
            "source_dest_check": true,
            "subnet_id": "subnet-0d8c586eab04967f8",
            "tags": {
              "Name": "Wordpress"
            },
            "tenancy": "default",
            "timeouts": null,
            "user_data": null,
            "user_data_base64": null,
            "volume_tags": {},
            "vpc_security_group_ids": [
              "sg-08072a37d27dee845"
            ]
          },
          "sensitive_attributes": [],
          "private": "eyJlMmJmYjczMC1lY2FhLTExZTYtOGY4OC0zNDM2M2JjN2M0YzAiOnsiY3JlYXRlIjo2MDAwMDAwMDAwMDAsImRlbGV0ZSI6MTIwMDAwMDAwMDAwMCwidXBkYXRlIjo2MDAwMDAwMDAwMDB9LCJzY2hlbWFfdmVyc2lvbiI6IjEifQ==",
          "dependencies": [
            "aws_security_group.infra_mind_ansible_sg",
            "aws_security_group.infra_mind_elb_sg",
            "aws_security_group.infra_mind_wordpress_sg",
            "aws_subnet.infra_mind_public_subnet",
            "aws_vpc.infra_mind_vpc"
          ]
        }
      ]
    },
    {
      "mode": "managed",
      "type": "aws_internet_gateway",
      "name": "infra_mind_igw",
      "provider": "provider[\"registry.terraform.io/hashicorp/aws\"]",
      "instances": [
        {
          "schema_version": 0,
          "attributes": {
            "arn": "arn:aws:ec2:ap-south-1:944269068014:internet-gateway/igw-0c023924fe9fad6e2",
            "id": "igw-0c023924fe9fad6e2",
            "owner_id": "944269068014",
            "tags": {
              "Name": "InfraMindIGW"
            },
            "vpc_id": "vpc-0f16068a3603c91a3"
          },
          "sensitive_attributes": [],
          "private": "bnVsbA==",
          "dependencies": [
            "aws_vpc.infra_mind_vpc"
          ]
        }
      ]
    },
    {
      "mode": "managed",
      "type": "aws_nat_gateway",
      "name": "infra_mind_nat_gw",
      "provider": "provider[\"registry.terraform.io/hashicorp/aws\"]",
      "instances": [
        {
          "schema_version": 0,
          "attributes": {
            "allocation_id": "eipalloc-092c33832c4041699",
            "id": "nat-091f89609fcdce6ac",
            "network_interface_id": "eni-0d707d91482c3f09b",
            "private_ip": "172.17.1.100",
            "public_ip": "15.207.3.106",
            "subnet_id": "subnet-0d8c586eab04967f8",
            "tags": {
              "Name": "InfraMindNatGW"
            }
          },
          "sensitive_attributes": [],
          "private": "bnVsbA==",
          "dependencies": [
            "aws_eip.infra_mind_nat_eip",
            "aws_subnet.infra_mind_public_subnet"
          ]
        }
      ]
    },
    {
      "mode": "managed",
      "type": "aws_route_table",
      "name": "private_route_table",
      "provider": "provider[\"registry.terraform.io/hashicorp/aws\"]",
      "instances": [
        {
          "schema_version": 0,
          "attributes": {
            "id": "rtb-0d790c3ecdc1ccdb0",
            "owner_id": "944269068014",
            "propagating_vgws": [],
            "route": [
              {
                "cidr_block": "0.0.0.0/0",
                "egress_only_gateway_id": "",
                "gateway_id": "",
                "instance_id": "",
                "ipv6_cidr_block": "",
                "nat_gateway_id": "nat-091f89609fcdce6ac",
                "network_interface_id": "",
                "transit_gateway_id": "",
                "vpc_peering_connection_id": ""
              }
            ],
            "tags": {
              "Name": "InfraMindPrivateRouteTable"
            },
            "vpc_id": "vpc-0f16068a3603c91a3"
          },
          "sensitive_attributes": [],
          "private": "bnVsbA==",
          "dependencies": [
            "aws_eip.infra_mind_nat_eip",
            "aws_nat_gateway.infra_mind_nat_gw",
            "aws_subnet.infra_mind_public_subnet",
            "aws_vpc.infra_mind_vpc"
          ]
        }
      ]
    },
    {
      "mode": "managed",
      "type": "aws_route_table",
      "name": "public_route_table",
      "provider": "provider[\"registry.terraform.io/hashicorp/aws\"]",
      "instances": [
        {
          "schema_version": 0,
          "attributes": {
            "id": "rtb-00b07f7b9968f5858",
            "owner_id": "944269068014",
            "propagating_vgws": [],
            "route": [
              {
                "cidr_block": "0.0.0.0/0",
                "egress_only_gateway_id": "",
                "gateway_id": "igw-0c023924fe9fad6e2",
                "instance_id": "",
                "ipv6_cidr_block": "",
                "nat_gateway_id": "",
                "network_interface_id": "",
                "transit_gateway_id": "",
                "vpc_peering_connection_id": ""
              }
            ],
            "tags": {
              "Name": "InfraMindPublicRouteTable"
            },
            "vpc_id": "vpc-0f16068a3603c91a3"
          },
          "sensitive_attributes": [],
          "private": "bnVsbA==",
          "dependencies": [
            "aws_internet_gateway.infra_mind_igw",
            "aws_vpc.infra_mind_vpc"
          ]
        }
      ]
    },
    {
      "mode": "managed",
      "type": "aws_route_table_association",
      "name": "private_route_table_association",
      "provider": "provider[\"registry.terraform.io/hashicorp/aws\"]",
      "instances": [
        {
          "schema_version": 0,
          "attributes": {
            "gateway_id": null,
            "id": "rtbassoc-0b0ae0c65fd800eba",
            "route_table_id": "rtb-0d790c3ecdc1ccdb0",
            "subnet_id": "subnet-09f7abfb2c75eafab"
          },
          "sensitive_attributes": [],
          "private": "bnVsbA==",
          "dependencies": [
            "aws_eip.infra_mind_nat_eip",
            "aws_nat_gateway.infra_mind_nat_gw",
            "aws_route_table.private_route_table",
            "aws_subnet.infra_mind_private_subnet",
            "aws_subnet.infra_mind_public_subnet",
            "aws_vpc.infra_mind_vpc"
          ]
        }
      ]
    },
    {
      "mode": "managed",
      "type": "aws_route_table_association",
      "name": "public_route_table_association",
      "provider": "provider[\"registry.terraform.io/hashicorp/aws\"]",
      "instances": [
        {
          "schema_version": 0,
          "attributes": {
            "gateway_id": null,
            "id": "rtbassoc-06de822cbb5d008e7",
            "route_table_id": "rtb-00b07f7b9968f5858",
            "subnet_id": "subnet-0d8c586eab04967f8"
          },
          "sensitive_attributes": [],
          "private": "bnVsbA==",
          "dependencies": [
            "aws_internet_gateway.infra_mind_igw",
            "aws_route_table.public_route_table",
            "aws_subnet.infra_mind_public_subnet",
            "aws_vpc.infra_mind_vpc"
          ]
        }
      ]
    },
    {
      "mode": "managed",
      "type": "aws_security_group",
      "name": "infra_mind_ansible_sg",
      "provider": "provider[\"registry.terraform.io/hashicorp/aws\"]",
      "instances": [
        {
          "schema_version": 1,
          "attributes": {
            "arn": "arn:aws:ec2:ap-south-1:944269068014:security-group/sg-067ba7d14775cd44d",
            "description": "Allow SSH Traffic from the Internet",
            "egress": [
              {
                "cidr_blocks": [
                  "0.0.0.0/0"
                ],
                "description": "",
                "from_port": 0,
                "ipv6_cidr_blocks": [],
                "prefix_list_ids": [],
                "protocol": "-1",
                "security_groups": [],
                "self": false,
                "to_port": 0
              }
            ],
            "id": "sg-067ba7d14775cd44d",
            "ingress": [
              {
                "cidr_blocks": [
                  "0.0.0.0/0"
                ],
                "description": "Allow 22 Port from the Internet",
                "from_port": 22,
                "ipv6_cidr_blocks": [],
                "prefix_list_ids": [],
                "protocol": "tcp",
                "security_groups": [],
                "self": false,
                "to_port": 22
              }
            ],
            "name": "InfraMindAnsibleSG",
            "name_prefix": null,
            "owner_id": "944269068014",
            "revoke_rules_on_delete": false,
            "tags": {
              "Name": "InfraMindAnsibleSG"
            },
            "timeouts": null,
            "vpc_id": "vpc-0f16068a3603c91a3"
          },
          "sensitive_attributes": [],
          "private": "eyJlMmJmYjczMC1lY2FhLTExZTYtOGY4OC0zNDM2M2JjN2M0YzAiOnsiY3JlYXRlIjo2MDAwMDAwMDAwMDAsImRlbGV0ZSI6NjAwMDAwMDAwMDAwfSwic2NoZW1hX3ZlcnNpb24iOiIxIn0=",
          "dependencies": [
            "aws_vpc.infra_mind_vpc"
          ]
        }
      ]
    },
    {
      "mode": "managed",
      "type": "aws_security_group",
      "name": "infra_mind_elb_sg",
      "provider": "provider[\"registry.terraform.io/hashicorp/aws\"]",
      "instances": [
        {
          "schema_version": 1,
          "attributes": {
            "arn": "arn:aws:ec2:ap-south-1:944269068014:security-group/sg-0bb7cf8aa8407cc76",
            "description": "Allow HTTP Traffic from the Internet (Anywhere)",
            "egress": [
              {
                "cidr_blocks": [
                  "0.0.0.0/0"
                ],
                "description": "",
                "from_port": 0,
                "ipv6_cidr_blocks": [],
                "prefix_list_ids": [],
                "protocol": "-1",
                "security_groups": [],
                "self": false,
                "to_port": 0
              }
            ],
            "id": "sg-0bb7cf8aa8407cc76",
            "ingress": [
              {
                "cidr_blocks": [
                  "0.0.0.0/0"
                ],
                "description": "Allow HTTP from the Internet for ELB",
                "from_port": 80,
                "ipv6_cidr_blocks": [],
                "prefix_list_ids": [],
                "protocol": "tcp",
                "security_groups": [],
                "self": false,
                "to_port": 80
              }
            ],
            "name": "InfraMindELBSG",
            "name_prefix": null,
            "owner_id": "944269068014",
            "revoke_rules_on_delete": false,
            "tags": {
              "Name": "InfraMindELBSG"
            },
            "timeouts": null,
            "vpc_id": "vpc-0f16068a3603c91a3"
          },
          "sensitive_attributes": [],
          "private": "eyJlMmJmYjczMC1lY2FhLTExZTYtOGY4OC0zNDM2M2JjN2M0YzAiOnsiY3JlYXRlIjo2MDAwMDAwMDAwMDAsImRlbGV0ZSI6NjAwMDAwMDAwMDAwfSwic2NoZW1hX3ZlcnNpb24iOiIxIn0=",
          "dependencies": [
            "aws_vpc.infra_mind_vpc"
          ]
        }
      ]
    },
    {
      "mode": "managed",
      "type": "aws_security_group",
      "name": "infra_mind_mysql_sg",
      "provider": "provider[\"registry.terraform.io/hashicorp/aws\"]",
      "instances": [
        {
          "schema_version": 1,
          "attributes": {
            "arn": "arn:aws:ec2:ap-south-1:944269068014:security-group/sg-00facb74ee35c88f3",
            "description": "Allow MYSQL Traffic from Wordpress EC2 Security Group",
            "egress": [
              {
                "cidr_blocks": [
                  "0.0.0.0/0"
                ],
                "description": "",
                "from_port": 0,
                "ipv6_cidr_blocks": [],
                "prefix_list_ids": [],
                "protocol": "-1",
                "security_groups": [],
                "self": false,
                "to_port": 0
              }
            ],
            "id": "sg-00facb74ee35c88f3",
            "ingress": [
              {
                "cidr_blocks": [],
                "description": "Allow 3306 Port from Wordpress SG",
                "from_port": 3306,
                "ipv6_cidr_blocks": [],
                "prefix_list_ids": [],
                "protocol": "tcp",
                "security_groups": [
                  "sg-08072a37d27dee845"
                ],
                "self": false,
                "to_port": 3306
              },
              {
                "cidr_blocks": [],
                "description": "Allow All Traffic from Ansible SG",
                "from_port": 0,
                "ipv6_cidr_blocks": [],
                "prefix_list_ids": [],
                "protocol": "-1",
                "security_groups": [
                  "sg-067ba7d14775cd44d"
                ],
                "self": false,
                "to_port": 0
              }
            ],
            "name": "InfraMindMySQLSG",
            "name_prefix": null,
            "owner_id": "944269068014",
            "revoke_rules_on_delete": false,
            "tags": {
              "Name": "InfraMindMySQLSG"
            },
            "timeouts": null,
            "vpc_id": "vpc-0f16068a3603c91a3"
          },
          "sensitive_attributes": [],
          "private": "eyJlMmJmYjczMC1lY2FhLTExZTYtOGY4OC0zNDM2M2JjN2M0YzAiOnsiY3JlYXRlIjo2MDAwMDAwMDAwMDAsImRlbGV0ZSI6NjAwMDAwMDAwMDAwfSwic2NoZW1hX3ZlcnNpb24iOiIxIn0=",
          "dependencies": [
            "aws_security_group.infra_mind_ansible_sg",
            "aws_security_group.infra_mind_elb_sg",
            "aws_security_group.infra_mind_wordpress_sg",
            "aws_vpc.infra_mind_vpc"
          ]
        }
      ]
    },
    {
      "mode": "managed",
      "type": "aws_security_group",
      "name": "infra_mind_wordpress_sg",
      "provider": "provider[\"registry.terraform.io/hashicorp/aws\"]",
      "instances": [
        {
          "schema_version": 1,
          "attributes": {
            "arn": "arn:aws:ec2:ap-south-1:944269068014:security-group/sg-08072a37d27dee845",
            "description": "Allow HTTP Traffic from ELB Security Group",
            "egress": [
              {
                "cidr_blocks": [
                  "0.0.0.0/0"
                ],
                "description": "",
                "from_port": 0,
                "ipv6_cidr_blocks": [],
                "prefix_list_ids": [],
                "protocol": "-1",
                "security_groups": [],
                "self": false,
                "to_port": 0
              }
            ],
            "id": "sg-08072a37d27dee845",
            "ingress": [
              {
                "cidr_blocks": [],
                "description": "Allow 80 Port from ELB SG",
                "from_port": 80,
                "ipv6_cidr_blocks": [],
                "prefix_list_ids": [],
                "protocol": "tcp",
                "security_groups": [
                  "sg-0bb7cf8aa8407cc76"
                ],
                "self": false,
                "to_port": 80
              },
              {
                "cidr_blocks": [],
                "description": "Allow All Traffic from Ansible SG",
                "from_port": 0,
                "ipv6_cidr_blocks": [],
                "prefix_list_ids": [],
                "protocol": "-1",
                "security_groups": [
                  "sg-067ba7d14775cd44d"
                ],
                "self": false,
                "to_port": 0
              }
            ],
            "name": "InfraMindWordpressSG",
            "name_prefix": null,
            "owner_id": "944269068014",
            "revoke_rules_on_delete": false,
            "tags": {
              "Name": "InfraMindWordpressSG"
            },
            "timeouts": null,
            "vpc_id": "vpc-0f16068a3603c91a3"
          },
          "sensitive_attributes": [],
          "private": "eyJlMmJmYjczMC1lY2FhLTExZTYtOGY4OC0zNDM2M2JjN2M0YzAiOnsiY3JlYXRlIjo2MDAwMDAwMDAwMDAsImRlbGV0ZSI6NjAwMDAwMDAwMDAwfSwic2NoZW1hX3ZlcnNpb24iOiIxIn0=",
          "dependencies": [
            "aws_security_group.infra_mind_ansible_sg",
            "aws_security_group.infra_mind_elb_sg",
            "aws_vpc.infra_mind_vpc"
          ]
        }
      ]
    },
    {
      "mode": "managed",
      "type": "aws_subnet",
      "name": "infra_mind_private_subnet",
      "provider": "provider[\"registry.terraform.io/hashicorp/aws\"]",
      "instances": [
        {
          "schema_version": 1,
          "attributes": {
            "arn": "arn:aws:ec2:ap-south-1:944269068014:subnet/subnet-09f7abfb2c75eafab",
            "assign_ipv6_address_on_creation": false,
            "availability_zone": "ap-south-1b",
            "availability_zone_id": "aps1-az3",
            "cidr_block": "172.17.2.0/24",
            "id": "subnet-09f7abfb2c75eafab",
            "ipv6_cidr_block": "",
            "ipv6_cidr_block_association_id": "",
            "map_public_ip_on_launch": false,
            "outpost_arn": "",
            "owner_id": "944269068014",
            "tags": {
              "Name": "InfraMindPrivateSubnet"
            },
            "timeouts": null,
            "vpc_id": "vpc-0f16068a3603c91a3"
          },
          "sensitive_attributes": [],
          "private": "eyJlMmJmYjczMC1lY2FhLTExZTYtOGY4OC0zNDM2M2JjN2M0YzAiOnsiY3JlYXRlIjo2MDAwMDAwMDAwMDAsImRlbGV0ZSI6MTIwMDAwMDAwMDAwMH0sInNjaGVtYV92ZXJzaW9uIjoiMSJ9",
          "dependencies": [
            "aws_vpc.infra_mind_vpc"
          ]
        }
      ]
    },
    {
      "mode": "managed",
      "type": "aws_subnet",
      "name": "infra_mind_public_subnet",
      "provider": "provider[\"registry.terraform.io/hashicorp/aws\"]",
      "instances": [
        {
          "schema_version": 1,
          "attributes": {
            "arn": "arn:aws:ec2:ap-south-1:944269068014:subnet/subnet-0d8c586eab04967f8",
            "assign_ipv6_address_on_creation": false,
            "availability_zone": "ap-south-1a",
            "availability_zone_id": "aps1-az1",
            "cidr_block": "172.17.1.0/24",
            "id": "subnet-0d8c586eab04967f8",
            "ipv6_cidr_block": "",
            "ipv6_cidr_block_association_id": "",
            "map_public_ip_on_launch": false,
            "outpost_arn": "",
            "owner_id": "944269068014",
            "tags": {
              "Name": "InfraMindPublicSubnet"
            },
            "timeouts": null,
            "vpc_id": "vpc-0f16068a3603c91a3"
          },
          "sensitive_attributes": [],
          "private": "eyJlMmJmYjczMC1lY2FhLTExZTYtOGY4OC0zNDM2M2JjN2M0YzAiOnsiY3JlYXRlIjo2MDAwMDAwMDAwMDAsImRlbGV0ZSI6MTIwMDAwMDAwMDAwMH0sInNjaGVtYV92ZXJzaW9uIjoiMSJ9",
          "dependencies": [
            "aws_vpc.infra_mind_vpc"
          ]
        }
      ]
    },
    {
      "mode": "managed",
      "type": "aws_vpc",
      "name": "infra_mind_vpc",
      "provider": "provider[\"registry.terraform.io/hashicorp/aws\"]",
      "instances": [
        {
          "schema_version": 1,
          "attributes": {
            "arn": "arn:aws:ec2:ap-south-1:944269068014:vpc/vpc-0f16068a3603c91a3",
            "assign_generated_ipv6_cidr_block": false,
            "cidr_block": "172.17.0.0/16",
            "default_network_acl_id": "acl-04c98559b22ef479a",
            "default_route_table_id": "rtb-06d10754beee9e949",
            "default_security_group_id": "sg-082d031e6bdab126d",
            "dhcp_options_id": "dopt-bb624ed3",
            "enable_classiclink": null,
            "enable_classiclink_dns_support": null,
            "enable_dns_hostnames": true,
            "enable_dns_support": true,
            "id": "vpc-0f16068a3603c91a3",
            "instance_tenancy": "default",
            "ipv6_association_id": "",
            "ipv6_cidr_block": "",
            "main_route_table_id": "rtb-06d10754beee9e949",
            "owner_id": "944269068014",
            "tags": {
              "Name": "InfraMindVPC"
            }
          },
          "sensitive_attributes": [],
          "private": "eyJzY2hlbWFfdmVyc2lvbiI6IjEifQ=="
        }
      ]
    }
  ]
}
